
Microsoft Visual Studio Solution File, Format Version 11.00
# Visual Studio 2010
Project("{FAE04EC0-301F-11D3-BF4B-00C04F79EFBC}") = "Assembly-CSharp", "Assembly-CSharp.csproj", "{841aad4c-50cb-2631-3591-b789f1cc5840}"
EndProject
Project("{FAE04EC0-301F-11D3-BF4B-00C04F79EFBC}") = "Assembly-CSharp-Editor", "Assembly-CSharp-Editor.csproj", "{d395180a-e4b9-af30-73dd-4d7e267cae25}"
EndProject
Global
	GlobalSection(SolutionConfigurationPlatforms) = preSolution
		Debug|Any CPU = Debug|Any CPU
	EndGlobalSection
	GlobalSection(ProjectConfigurationPlatforms) = postSolution
		{841aad4c-50cb-2631-3591-b789f1cc5840}.Debug|Any CPU.ActiveCfg = Debug|Any CPU
		{841aad4c-50cb-2631-3591-b789f1cc5840}.Debug|Any CPU.Build.0 = Debug|Any CPU
		{d395180a-e4b9-af30-73dd-4d7e267cae25}.Debug|Any CPU.ActiveCfg = Debug|Any CPU
		{d395180a-e4b9-af30-73dd-4d7e267cae25}.Debug|Any CPU.Build.0 = Debug|Any CPU
	EndGlobalSection
	GlobalSection(SolutionProperties) = preSolution
		HideSolutionNode = FALSE
	EndGlobalSection
EndGlobal
